{
  "requires": true,
  "lockfileVersion": 1,
  "dependencies": {
    "sweetpagination": {
      "version": "1.0.15",
      "resolved": "https://registry.npmjs.org/sweetpagination/-/sweetpagination-1.0.15.tgz",
      "integrity": "sha512-9r/3av9ENkwWdHgnVe+L1muQLV1BOuNTUXcl4SGyHXvzKIm5ngB+Po98zMMrqL8zgKd33rh+8MaElpGbaPwBRw=="
    }
  }
}
